
Microsoft Visual Studio Solution File, Format Version 11.00
# Visual Studio 2010
Project("{FAE04EC0-301F-11D3-BF4B-00C04F79EFBC}") = "Tanks", "Tanks\Tanks\Tanks.csproj", "{4970D8E1-D6CB-4CF9-A9A1-1A020D9FDE5C}"
EndProject
Project("{96E2B04D-8817-42C6-938A-82C39BA4D311}") = "TanksContent", "Tanks\TanksContent\TanksContent.contentproj", "{A345ACFA-BDB2-41D8-91CD-C0F6589B4F8C}"
EndProject
Global
	GlobalSection(SolutionConfigurationPlatforms) = preSolution
		Debug|x86 = Debug|x86
		Release|x86 = Release|x86
	EndGlobalSection
	GlobalSection(ProjectConfigurationPlatforms) = postSolution
		{4970D8E1-D6CB-4CF9-A9A1-1A020D9FDE5C}.Debug|x86.ActiveCfg = Debug|x86
		{4970D8E1-D6CB-4CF9-A9A1-1A020D9FDE5C}.Debug|x86.Build.0 = Debug|x86
		{4970D8E1-D6CB-4CF9-A9A1-1A020D9FDE5C}.Release|x86.ActiveCfg = Release|x86
		{4970D8E1-D6CB-4CF9-A9A1-1A020D9FDE5C}.Release|x86.Build.0 = Release|x86
		{A345ACFA-BDB2-41D8-91CD-C0F6589B4F8C}.Debug|x86.ActiveCfg = Debug|x86
		{A345ACFA-BDB2-41D8-91CD-C0F6589B4F8C}.Release|x86.ActiveCfg = Release|x86
	EndGlobalSection
	GlobalSection(SolutionProperties) = preSolution
		HideSolutionNode = FALSE
	EndGlobalSection
EndGlobal
